
Microsoft Visual Studio Solution File, Format Version 12.00
# Visual Studio 15
VisualStudioVersion = 15.0.28010.2036
MinimumVisualStudioVersion = 10.0.40219.1
Project("{FAE04EC0-301F-11D3-BF4B-00C04F79EFBC}") = "Mensageiro.Mvc", "Mensageiro.Mvc\Mensageiro.Mvc.csproj", "{2FCEEB53-BD4B-4EF8-A7FB-8786FED07541}"
EndProject
Global
	GlobalSection(SolutionConfigurationPlatforms) = preSolution
		Debug|Any CPU = Debug|Any CPU
		Release|Any CPU = Release|Any CPU
	EndGlobalSection
	GlobalSection(ProjectConfigurationPlatforms) = postSolution
		{2FCEEB53-BD4B-4EF8-A7FB-8786FED07541}.Debug|Any CPU.ActiveCfg = Debug|Any CPU
		{2FCEEB53-BD4B-4EF8-A7FB-8786FED07541}.Debug|Any CPU.Build.0 = Debug|Any CPU
		{2FCEEB53-BD4B-4EF8-A7FB-8786FED07541}.Release|Any CPU.ActiveCfg = Release|Any CPU
		{2FCEEB53-BD4B-4EF8-A7FB-8786FED07541}.Release|Any CPU.Build.0 = Release|Any CPU
	EndGlobalSection
	GlobalSection(SolutionProperties) = preSolution
		HideSolutionNode = FALSE
	EndGlobalSection
	GlobalSection(ExtensibilityGlobals) = postSolution
		SolutionGuid = {0836B94B-FAFA-40D5-B121-A29C1C19A84A}
	EndGlobalSection
EndGlobal
